{
  "name": "bustravel-backend",
  "version": "1.0.0",
  "lockfileVersion": 2,
  "requires": true,
  "packages": {
    "": {
      "name": "bustravel-backend",
      "version": "1.0.0",
      "license": "MIT",
      "dependencies": {
        "bcryptjs": "^2.4.3",
        "body-parser": "^1.20.2",
        "cors": "^2.8.5",
        "dotenv": "^16.3.1",
        "express": "^4.18.2",
        "express-rate-limit": "^6.10.0",
        "helmet": "^7.0.0",
        "jsonwebtoken": "^9.0.2",
        "morgan": "^1.10.0",
        "mysql2": "^3.6.0",
        "nodemailer": "^6.9.4",
        "sequelize": "^6.32.1",
        "validator": "^13.11.0"
      }
    }
  }
}
